
Microsoft Visual Studio Solution File, Format Version 12.00
# Visual Studio Version 17
VisualStudioVersion = 17.7.34003.232
MinimumVisualStudioVersion = 10.0.40219.1
Project("{9A19103F-16F7-4668-BE54-9A1E7A4F7556}") = "OOP_Examples", "OOP_Examples\OOP_Examples.csproj", "{E9C1F557-9348-46C6-BCBF-9D0EEFBFC6DF}"
EndProject
Project("{9A19103F-16F7-4668-BE54-9A1E7A4F7556}") = "ClassesInheritanceAndPolymorphism", "ClassesInheritanceAndPolymorphism\ClassesInheritanceAndPolymorphism.csproj", "{0C82DEE0-3127-4223-9A86-A4EFC50A0583}"
EndProject
Project("{9A19103F-16F7-4668-BE54-9A1E7A4F7556}") = "MarioExample", "MarioExample\MarioExample.csproj", "{1A1724BD-F66F-4597-8FD0-5EF0272AAFC2}"
EndProject
Project("{FAE04EC0-301F-11D3-BF4B-00C04F79EFBC}") = "LinqExamples", "LinqExamples\LinqExamples.csproj", "{3D68B8B9-FFEA-436B-B876-40CD9994F1ED}"
EndProject
Global
	GlobalSection(SolutionConfigurationPlatforms) = preSolution
		Debug|Any CPU = Debug|Any CPU
		Release|Any CPU = Release|Any CPU
	EndGlobalSection
	GlobalSection(ProjectConfigurationPlatforms) = postSolution
		{E9C1F557-9348-46C6-BCBF-9D0EEFBFC6DF}.Debug|Any CPU.ActiveCfg = Debug|Any CPU
		{E9C1F557-9348-46C6-BCBF-9D0EEFBFC6DF}.Debug|Any CPU.Build.0 = Debug|Any CPU
		{E9C1F557-9348-46C6-BCBF-9D0EEFBFC6DF}.Release|Any CPU.ActiveCfg = Release|Any CPU
		{E9C1F557-9348-46C6-BCBF-9D0EEFBFC6DF}.Release|Any CPU.Build.0 = Release|Any CPU
		{0C82DEE0-3127-4223-9A86-A4EFC50A0583}.Debug|Any CPU.ActiveCfg = Debug|Any CPU
		{0C82DEE0-3127-4223-9A86-A4EFC50A0583}.Debug|Any CPU.Build.0 = Debug|Any CPU
		{0C82DEE0-3127-4223-9A86-A4EFC50A0583}.Release|Any CPU.ActiveCfg = Release|Any CPU
		{0C82DEE0-3127-4223-9A86-A4EFC50A0583}.Release|Any CPU.Build.0 = Release|Any CPU
		{1A1724BD-F66F-4597-8FD0-5EF0272AAFC2}.Debug|Any CPU.ActiveCfg = Debug|Any CPU
		{1A1724BD-F66F-4597-8FD0-5EF0272AAFC2}.Debug|Any CPU.Build.0 = Debug|Any CPU
		{1A1724BD-F66F-4597-8FD0-5EF0272AAFC2}.Release|Any CPU.ActiveCfg = Release|Any CPU
		{1A1724BD-F66F-4597-8FD0-5EF0272AAFC2}.Release|Any CPU.Build.0 = Release|Any CPU
		{3D68B8B9-FFEA-436B-B876-40CD9994F1ED}.Debug|Any CPU.ActiveCfg = Debug|Any CPU
		{3D68B8B9-FFEA-436B-B876-40CD9994F1ED}.Debug|Any CPU.Build.0 = Debug|Any CPU
		{3D68B8B9-FFEA-436B-B876-40CD9994F1ED}.Release|Any CPU.ActiveCfg = Release|Any CPU
		{3D68B8B9-FFEA-436B-B876-40CD9994F1ED}.Release|Any CPU.Build.0 = Release|Any CPU
	EndGlobalSection
	GlobalSection(SolutionProperties) = preSolution
		HideSolutionNode = FALSE
	EndGlobalSection
	GlobalSection(ExtensibilityGlobals) = postSolution
		SolutionGuid = {C0B18211-576A-4EBC-8975-A47F7B3A7175}
	EndGlobalSection
EndGlobal
